
Microsoft Visual Studio Solution File, Format Version 12.00
# Visual Studio Version 16
VisualStudioVersion = 16.0.31613.86
MinimumVisualStudioVersion = 10.0.40219.1
Project("{FAE04EC0-301F-11D3-BF4B-00C04F79EFBC}") = "trianguloooo", "trianguloooo\trianguloooo.csproj", "{9F19AC24-7915-4A28-BB64-CE82B0A38770}"
EndProject
Global
	GlobalSection(SolutionConfigurationPlatforms) = preSolution
		Debug|Any CPU = Debug|Any CPU
		Release|Any CPU = Release|Any CPU
	EndGlobalSection
	GlobalSection(ProjectConfigurationPlatforms) = postSolution
		{9F19AC24-7915-4A28-BB64-CE82B0A38770}.Debug|Any CPU.ActiveCfg = Debug|Any CPU
		{9F19AC24-7915-4A28-BB64-CE82B0A38770}.Debug|Any CPU.Build.0 = Debug|Any CPU
		{9F19AC24-7915-4A28-BB64-CE82B0A38770}.Release|Any CPU.ActiveCfg = Release|Any CPU
		{9F19AC24-7915-4A28-BB64-CE82B0A38770}.Release|Any CPU.Build.0 = Release|Any CPU
	EndGlobalSection
	GlobalSection(SolutionProperties) = preSolution
		HideSolutionNode = FALSE
	EndGlobalSection
	GlobalSection(ExtensibilityGlobals) = postSolution
		SolutionGuid = {5DD72D78-FD37-46D8-882F-DC03025B5315}
	EndGlobalSection
EndGlobal
